
Microsoft Visual Studio Solution File, Format Version 12.00
# Visual Studio 15
VisualStudioVersion = 15.0.27130.2020
MinimumVisualStudioVersion = 10.0.40219.1
Project("{FAE04EC0-301F-11D3-BF4B-00C04F79EFBC}") = "GalvosCutsceneParser", "GalvosCutsceneParser.csproj", "{C3EC554B-C134-4F60-B49A-D0E3EAD05A46}"
EndProject
Project("{FAE04EC0-301F-11D3-BF4B-00C04F79EFBC}") = "ParserTests", "..\ParserTests\ParserTests.csproj", "{415BB1F8-783A-4EBA-9934-876326479747}"
EndProject
Global
	GlobalSection(SolutionConfigurationPlatforms) = preSolution
		Debug|Any CPU = Debug|Any CPU
		Release|Any CPU = Release|Any CPU
	EndGlobalSection
	GlobalSection(ProjectConfigurationPlatforms) = postSolution
		{C3EC554B-C134-4F60-B49A-D0E3EAD05A46}.Debug|Any CPU.ActiveCfg = Debug|Any CPU
		{C3EC554B-C134-4F60-B49A-D0E3EAD05A46}.Debug|Any CPU.Build.0 = Debug|Any CPU
		{C3EC554B-C134-4F60-B49A-D0E3EAD05A46}.Release|Any CPU.ActiveCfg = Release|Any CPU
		{C3EC554B-C134-4F60-B49A-D0E3EAD05A46}.Release|Any CPU.Build.0 = Release|Any CPU
		{415BB1F8-783A-4EBA-9934-876326479747}.Debug|Any CPU.ActiveCfg = Debug|Any CPU
		{415BB1F8-783A-4EBA-9934-876326479747}.Debug|Any CPU.Build.0 = Debug|Any CPU
		{415BB1F8-783A-4EBA-9934-876326479747}.Release|Any CPU.ActiveCfg = Release|Any CPU
		{415BB1F8-783A-4EBA-9934-876326479747}.Release|Any CPU.Build.0 = Release|Any CPU
	EndGlobalSection
	GlobalSection(SolutionProperties) = preSolution
		HideSolutionNode = FALSE
	EndGlobalSection
	GlobalSection(ExtensibilityGlobals) = postSolution
		SolutionGuid = {060BAD06-EA43-4222-AE30-547BC5797312}
	EndGlobalSection
EndGlobal
